
Microsoft Visual Studio Solution File, Format Version 12.00
# Visual Studio Version 16
VisualStudioVersion = 16.0.29613.14
MinimumVisualStudioVersion = 10.0.40219.1
Project("{FAE04EC0-301F-11D3-BF4B-00C04F79EFBC}") = "WindowHide", "WindowHide.csproj", "{9A093899-E170-49C9-AAAF-F526337523B9}"
EndProject
Global
	GlobalSection(SolutionConfigurationPlatforms) = preSolution
		Debug|Any CPU = Debug|Any CPU
		Release|Any CPU = Release|Any CPU
	EndGlobalSection
	GlobalSection(ProjectConfigurationPlatforms) = postSolution
		{9A093899-E170-49C9-AAAF-F526337523B9}.Debug|Any CPU.ActiveCfg = Debug|Any CPU
		{9A093899-E170-49C9-AAAF-F526337523B9}.Debug|Any CPU.Build.0 = Debug|Any CPU
		{9A093899-E170-49C9-AAAF-F526337523B9}.Release|Any CPU.ActiveCfg = Release|Any CPU
		{9A093899-E170-49C9-AAAF-F526337523B9}.Release|Any CPU.Build.0 = Release|Any CPU
	EndGlobalSection
	GlobalSection(SolutionProperties) = preSolution
		HideSolutionNode = FALSE
	EndGlobalSection
	GlobalSection(ExtensibilityGlobals) = postSolution
		SolutionGuid = {7662FEC1-6845-4FB4-AD1F-22F3B0467640}
	EndGlobalSection
EndGlobal
